PODS:
  - CLTypingLabel (0.4.0)
  - IQKeyboardManagerSwift (6.5.9)

DEPENDENCIES:
  - CLTypingLabel
  - IQKeyboardManagerSwift

SPEC REPOS:
  trunk:
    - CLTypingLabel
    - IQKeyboardManagerSwift

SPEC CHECKSUMS:
  CLTypingLabel: 95a7d1faf7e3d1d952cd11cb0491d17d80c50934
  IQKeyboardManagerSwift: 6e839c575c4aa1078d58a596e41244e77abe918f

PODFILE CHECKSUM: f41686e3e9d1ab28dcac0df3b3700f0fd5ab8911

COCOAPODS: 1.11.2
